{
  "name": "backend",
  "lockfileVersion": 3,
  "requires": true,
  "packages": {
    "": {
      "dependencies": {
        "smart-legal-document-analyzer": "file:.."
      }
    },
    "..": {
      "name": "smart-legal-document-analyzer",
      "version": "1.0.0",
      "devDependencies": {
        "concurrently": "^8.2.2"
      }
    },
    "node_modules/smart-legal-document-analyzer": {
      "resolved": "..",
      "link": true
    }
  }
}
